
Microsoft Visual Studio Solution File, Format Version 12.00
# Visual Studio Version 17
VisualStudioVersion = 17.5.33502.453
MinimumVisualStudioVersion = 10.0.40219.1
Project("{8BC9CEB8-8B4A-11D0-8D11-00A0C91BC942}") = "LuminanceLimiterSG", "LuminanceLimiterSG\LuminanceLimiterSG.vcxproj", "{9CA34BAD-985C-4850-B48F-F667B5C05965}"
EndProject
Global
	GlobalSection(SolutionConfigurationPlatforms) = preSolution
		Debug|x64 = Debug|x64
		Debug|x86 = Debug|x86
		Release|x64 = Release|x64
		Release|x86 = Release|x86
	EndGlobalSection
	GlobalSection(ProjectConfigurationPlatforms) = postSolution
		{9CA34BAD-985C-4850-B48F-F667B5C05965}.Debug|x64.ActiveCfg = Debug|x64
		{9CA34BAD-985C-4850-B48F-F667B5C05965}.Debug|x64.Build.0 = Debug|x64
		{9CA34BAD-985C-4850-B48F-F667B5C05965}.Debug|x86.ActiveCfg = Debug|Win32
		{9CA34BAD-985C-4850-B48F-F667B5C05965}.Debug|x86.Build.0 = Debug|Win32
		{9CA34BAD-985C-4850-B48F-F667B5C05965}.Release|x64.ActiveCfg = Release|x64
		{9CA34BAD-985C-4850-B48F-F667B5C05965}.Release|x64.Build.0 = Release|x64
		{9CA34BAD-985C-4850-B48F-F667B5C05965}.Release|x86.ActiveCfg = Release|Win32
		{9CA34BAD-985C-4850-B48F-F667B5C05965}.Release|x86.Build.0 = Release|Win32
	EndGlobalSection
	GlobalSection(SolutionProperties) = preSolution
		HideSolutionNode = FALSE
	EndGlobalSection
	GlobalSection(ExtensibilityGlobals) = postSolution
		SolutionGuid = {741F1663-BB88-48D3-A8E6-D79B429B37CB}
	EndGlobalSection
EndGlobal
