<?xml version="1.0" encoding="utf-8"?>
<Project ToolsVersion="4.0" xmlns="http://schemas.microsoft.com/developer/msbuild/2003">
  <ItemGroup>
    <Filter Include="test">
      <UniqueIdentifier>{0e56db0f-d443-44b1-96f7-33cdf8ef2e63}</UniqueIdentifier>
    </Filter>
    <Filter Include="src">
      <UniqueIdentifier>{09375bdb-4c7b-412a-bd10-33e6cb57893d}</UniqueIdentifier>
    </Filter>
  </ItemGroup>
  <ItemGroup>
    <ClCompile Include="test\luminance_limiter_sg_test.cpp">
      <Filter>test</Filter>
    </ClCompile>
    <ClCompile Include="src\luminance_limiter_sg.cpp">
      <Filter>src</Filter>
    </ClCompile>
    <ClCompile Include="src\peak_envelope_generator.h">
      <Filter>src</Filter>
    </ClCompile>
    <ClCompile Include="src\peak_envelope_generator.cpp">
      <Filter>src</Filter>
    </ClCompile>
    <ClCompile Include="src\limiter.cpp">
      <Filter>src</Filter>
    </ClCompile>
    <ClCompile Include="src\rack.cpp">
      <Filter>src</Filter>
    </ClCompile>
    <ClCompile Include="src\buffer.cpp">
      <Filter>src</Filter>
    </ClCompile>
    <ClCompile Include="src\compressor.cpp">
      <Filter>src</Filter>
    </ClCompile>
    <ClCompile Include="src\amplifier.cpp">
      <Filter>src</Filter>
    </ClCompile>
  </ItemGroup>
  <ItemGroup>
    <ClInclude Include="src\luminance_limiter_sg.h">
      <Filter>src</Filter>
    </ClInclude>
    <ClInclude Include="src\limiter.h">
      <Filter>src</Filter>
    </ClInclude>
    <ClInclude Include="src\processing_mode.h">
      <Filter>src</Filter>
    </ClInclude>
    <ClInclude Include="src\rack.h">
      <Filter>src</Filter>
    </ClInclude>
    <ClInclude Include="src\rack_unit.h">
      <Filter>src</Filter>
    </ClInclude>
    <ClInclude Include="src\luminance.h">
      <Filter>src</Filter>
    </ClInclude>
    <ClInclude Include="src\project_parameter.h">
      <Filter>src</Filter>
    </ClInclude>
    <ClInclude Include="src\buffer.h">
      <Filter>src</Filter>
    </ClInclude>
    <ClInclude Include="src\compressor.h">
      <Filter>src</Filter>
    </ClInclude>
    <ClInclude Include="src\effector.h">
      <Filter>src</Filter>
    </ClInclude>
    <ClInclude Include="src\interpolation.h">
      <Filter>src</Filter>
    </ClInclude>
    <ClInclude Include="src\amplifier.h">
      <Filter>src</Filter>
    </ClInclude>
    <ClInclude Include="src\common_utility.h">
      <Filter>src</Filter>
    </ClInclude>
  </ItemGroup>
  <ItemGroup>
    <None Include="src\luminance_limiter_sg.def">
      <Filter>src</Filter>
    </None>
  </ItemGroup>
</Project>